{
    "_meta": {
        "hash": {
            "sha256": "38000fcaafcd2e7db51c8828bee2a39183d937ffaf18bb2cf8fffcd8bab34da2"
        },
        "pipfile-spec": 6,
        "requires": {
            "python_version": "3.8"
        },
        "sources": [
            {
                "name": "pypi",
                "url": "https://pypi.org/simple",
                "verify_ssl": true
            }
        ]
    },
    "default": {
        "cachetools": {
            "hashes": [
                "sha256:2cc0b89715337ab6dbba85b5b50effe2b0c74e035d83ee8ed637cf52f12ae001",
                "sha256:61b5ed1e22a0924aed1d23b478f37e8d52549ff8a961de2909c69bf950020cff"
            ],
            "index": "pypi",
            "version": "==4.2.2"
        },
        "certifi": {
            "hashes": [
                "sha256:2bbf76fd432960138b3ef6dda3dde0544f27cbf8546c458e60baf371917ba9ee",
                "sha256:50b1e4f8446b06f41be7dd6338db18e0990601dce795c2b1686458aa7e8fa7d8"
            ],
            "version": "==2021.5.30"
        },
        "chardet": {
            "hashes": [
                "sha256:0d6f53a15db4120f2b08c94f11e7d93d2c911ee118b6b30a04ec3ee8310179fa",
                "sha256:f864054d66fd9118f2e67044ac8981a54775ec5b67aed0441892edb553d21da5"
            ],
            "markers": "python_version >= '2.7' and python_version not in '3.0, 3.1, 3.2, 3.3, 3.4'",
            "version": "==4.0.0"
        },
        "gfycat": {
            "hashes": [
                "sha256:81fddbde98620ebf664a78592ba50401eb446b3ed1d2aa1d6cc2d6404f247661",
                "sha256:d49c01dffd9d9733c32dff25f543b31a4d3e1a1a56748e78c1d0a3e3e9304965"
            ],
            "index": "pypi",
            "version": "==0.2.2"
        },
        "idna": {
            "hashes": [
                "sha256:b307872f855b18632ce0c21c5e45be78c0ea7ae4c15c828c20788b26921eb3f6",
                "sha256:b97d804b1e9b523befed77c48dacec60e6dcb0b5391d57af6a65a312a90648c0"
            ],
            "markers": "python_version >= '2.7' and python_version not in '3.0, 3.1, 3.2, 3.3'",
            "version": "==2.10"
        },
        "imgurpython": {
            "hashes": [
                "sha256:3ac28501c2f699a78f93a4ab34df7443cebd39a170c9de4adecf0f3852cbdc33"
            ],
            "index": "pypi",
            "version": "==1.1.7"
        },
        "praw": {
            "hashes": [
                "sha256:9773fb5a2f5ab910d6f8e14da84e81d8d3d868261745371341d8b2043588ba7c",
                "sha256:98d435856b34851aaf88575b65b4864f1f7f848913b47e046243bb126682a66f"
            ],
            "index": "pypi",
            "version": "==7.3.0"
        },
        "prawcore": {
            "hashes": [
                "sha256:bde42fad459c4dcfe0f22a18921ef4981ee7cd286ea1de3eb697ba91838c9123",
                "sha256:cb7a01e43202233d62c4f9c0da890f6e6a534cebc16fb6ef1e71aff7077b0f42"
            ],
            "markers": "python_version ~= '3.6'",
            "version": "==2.2.0"
        },
        "requests": {
            "hashes": [
                "sha256:27973dd4a904a4f13b263a19c866c13b92a39ed1c964655f025f3f8d3d75b804",
                "sha256:c210084e36a42ae6b9219e00e48287def368a26d03a048ddad7bfee44f75871e"
            ],
            "markers": "python_version >= '2.7' and python_version not in '3.0, 3.1, 3.2, 3.3, 3.4'",
            "version": "==2.25.1"
        },
        "twitter": {
            "hashes": [
                "sha256:06eac7ee7f2a14ddeb680671ff07450984f6d254334f5db8dd69547dd1e179c5",
                "sha256:a56ff9575fbd50a51ce91107dcb5a4c3fd00c2ba1bcb172ce538b0948d3626e6"
            ],
            "index": "pypi",
            "version": "==1.19.3"
        },
        "update-checker": {
            "hashes": [
                "sha256:6a2d45bb4ac585884a6b03f9eade9161cedd9e8111545141e9aa9058932acb13",
                "sha256:cbba64760a36fe2640d80d85306e8fe82b6816659190993b7bdabadee4d4bbfd"
            ],
            "version": "==0.18.0"
        },
        "urllib3": {
            "hashes": [
                "sha256:753a0374df26658f99d826cfe40394a686d05985786d946fbe4165b5148f5a7c",
                "sha256:a7acd0977125325f516bda9735fa7142b909a8d01e8b2e4c8108d0984e6e0098"
            ],
            "markers": "python_version >= '2.7' and python_version not in '3.0, 3.1, 3.2, 3.3, 3.4' and python_version < '4'",
            "version": "==1.26.5"
        },
        "websocket-client": {
            "hashes": [
                "sha256:b68e4959d704768fa20e35c9d508c8dc2bbc041fd8d267c0d7345cffe2824568",
                "sha256:e5c333bfa9fa739538b652b6f8c8fc2559f1d364243c8a689d7c0e1d41c2e611"
            ],
            "markers": "python_version >= '3.6'",
            "version": "==1.1.0"
        }
    },
    "develop": {}
}
